// !$*UTF8*$!
{
	archiveVersion = 1;
	classes = {
	};
	objectVersion = 50;
	objects = {

/* Begin PBXBuildFile section */
		230C9A9C2247955500DDF0C7 /* Assets.xcassets in Resources */ = {isa = PBXBuildFile; fileRef = 230C9A9B2247955500DDF0C7 /* Assets.xcassets */; };
		232FD93D224795D4009773C3 /* Main.storyboard in Resources */ = {isa = PBXBuildFile; fileRef = 232FD93B224795D4009773C3 /* Main.storyboard */; };
		232FD9412247AC91009773C3 /* SecondViewController.swift in Sources */ = {isa = PBXBuildFile; fileRef = 232FD9402247AC91009773C3 /* SecondViewController.swift */; };
		23F1926D22424F2600059CE6 /* AppDelegate.swift in Sources */ = {isa = PBXBuildFile; fileRef = 23F1926C22424F2600059CE6 /* AppDelegate.swift */; };
		23F1926F22424F2600059CE6 /* ViewController.swift in Sources */ = {isa = PBXBuildFile; fileRef = 23F1926E22424F2600059CE6 /* ViewController.swift */; };
		23F1927722424F2900059CE6 /* LaunchScreen.storyboard in Resources */ = {isa = PBXBuildFile; fileRef = 23F1927522424F2900059CE6 /* LaunchScreen.storyboard */; };
		23F1928222424F2900059CE6 /* MBlower_1_1Tests.swift in Sources */ = {isa = PBXBuildFile; fileRef = 23F1928122424F2900059CE6 /* MBlower_1_1Tests.swift */; };
		23F1928D22424F2900059CE6 /* MBlower_1_1UITests.swift in Sources */ = {isa = PBXBuildFile; fileRef = 23F1928C22424F2900059CE6 /* MBlower_1_1UITests.swift */; };
/* End PBXBuildFile section */

/* Begin PBXContainerItemProxy section */
		23F1927E22424F2900059CE6 /* PBXContainerItemProxy */ = {
			isa = PBXContainerItemProxy;
			containerPortal = 23F1926122424F2600059CE6 /* Project object */;
			proxyType = 1;
			remoteGlobalIDString = 23F1926822424F2600059CE6;
			remoteInfo = MBlower_1.1;
		};
		23F1928922424F2900059CE6 /* PBXContainerItemProxy */ = {
			isa = PBXContainerItemProxy;
			containerPortal = 23F1926122424F2600059CE6 /* Project object */;
			proxyType = 1;
			remoteGlobalIDString = 23F1926822424F2600059CE6;
			remoteInfo = MBlower_1.1;
		};
/* End PBXContainerItemProxy section */

/* Begin PBXFileReference section */
		230C9A9B2247955500DDF0C7 /* Assets.xcassets */ = {isa = PBXFileReference; lastKnownFileType = folder.assetcatalog; name = Assets.xcassets; path = ../../xNHAM/xNHAM/Assets.xcassets; sourceTree = "<group>"; };
		232FD93C224795D4009773C3 /* Base */ = {isa = PBXFileReference; lastKnownFileType = file.storyboard; name = Base; path = ../../xNHAM/xNHAMTests/Base.lproj/Main.storyboard; sourceTree = "<group>"; };
		232FD9402247AC91009773C3 /* SecondViewController.swift */ = {isa = PBXFileReference; lastKnownFileType = sourcecode.swift; path = SecondViewController.swift; sourceTree = "<group>"; };
		23F1926922424F2600059CE6 /* MBlower_1.1.app */ = {isa = PBXFileReference; explicitFileType = wrapper.application; includeInIndex = 0; path = MBlower_1.1.app; sourceTree = BUILT_PRODUCTS_DIR; };
		23F1926C22424F2600059CE6 /* AppDelegate.swift */ = {isa = PBXFileReference; lastKnownFileType = sourcecode.swift; path = AppDelegate.swift; sourceTree = "<group>"; };
		23F1926E22424F2600059CE6 /* ViewController.swift */ = {isa = PBXFileReference; lastKnownFileType = sourcecode.swift; path = ViewController.swift; sourceTree = "<group>"; };
		23F1927622424F2900059CE6 /* Base */ = {isa = PBXFileReference; lastKnownFileType = file.storyboard; name = Base; path = Base.lproj/LaunchScreen.storyboard; sourceTree = "<group>"; };
		23F1927822424F2900059CE6 /* Info.plist */ = {isa = PBXFileReference; lastKnownFileType = text.plist.xml; path = Info.plist; sourceTree = "<group>"; };
		23F1927D22424F2900059CE6 /* MBlower_1.1Tests.xctest */ = {isa = PBXFileReference; explicitFileType = wrapper.cfbundle; includeInIndex = 0; path = MBlower_1.1Tests.xctest; sourceTree = BUILT_PRODUCTS_DIR; };
		23F1928122424F2900059CE6 /* MBlower_1_1Tests.swift */ = {isa = PBXFileReference; lastKnownFileType = sourcecode.swift; path = MBlower_1_1Tests.swift; sourceTree = "<group>"; };
		23F1928322424F2900059CE6 /* Info.plist */ = {isa = PBXFileReference; lastKnownFileType = text.plist.xml; path = Info.plist; sourceTree = "<group>"; };
		23F1928822424F2900059CE6 /* MBlower_1.1UITests.xctest */ = {isa = PBXFileReference; explicitFileType = wrapper.cfbundle; includeInIndex = 0; path = MBlower_1.1UITests.xctest; sourceTree = BUILT_PRODUCTS_DIR; };
		23F1928C22424F2900059CE6 /* MBlower_1_1UITests.swift */ = {isa = PBXFileReference; lastKnownFileType = sourcecode.swift; path = MBlower_1_1UITests.swift; sourceTree = "<group>"; };
		23F1928E22424F2900059CE6 /* Info.plist */ = {isa = PBXFileReference; lastKnownFileType = text.plist.xml; path = Info.plist; sourceTree = "<group>"; };
/* End PBXFileReference section */

/* Begin PBXFrameworksBuildPhase section */
		23F1926622424F2600059CE6 /* Frameworks */ = {
			isa = PBXFrameworksBuildPhase;
			buildActionMask = 2147483647;
			files = (
			);
			runOnlyForDeploymentPostprocessing = 0;
		};
		23F1927A22424F2900059CE6 /* Frameworks */ = {
			isa = PBXFrameworksBuildPhase;
			buildActionMask = 2147483647;
			files = (
			);
			runOnlyForDeploymentPostprocessing = 0;
		};
		23F1928522424F2900059CE6 /* Frameworks */ = {
			isa = PBXFrameworksBuildPhase;
			buildActionMask = 2147483647;
			files = (
			);
			runOnlyForDeploymentPostprocessing = 0;
		};
/* End PBXFrameworksBuildPhase section */

/* Begin PBXGroup section */
		23F1926022424F2600059CE6 = {
			isa = PBXGroup;
			children = (
				23F1926B22424F2600059CE6 /* MBlower_1.1 */,
				23F1928022424F2900059CE6 /* MBlower_1.1Tests */,
				23F1928B22424F2900059CE6 /* MBlower_1.1UITests */,
				23F1926A22424F2600059CE6 /* Products */,
			);
			sourceTree = "<group>";
		};
		23F1926A22424F2600059CE6 /* Products */ = {
			isa = PBXGroup;
			children = (
				23F1926922424F2600059CE6 /* MBlower_1.1.app */,
				23F1927D22424F2900059CE6 /* MBlower_1.1Tests.xctest */,
				23F1928822424F2900059CE6 /* MBlower_1.1UITests.xctest */,
			);
			name = Products;
			sourceTree = "<group>";
		};
		23F1926B22424F2600059CE6 /* MBlower_1.1 */ = {
			isa = PBXGroup;
			children = (
				23F1926C22424F2600059CE6 /* AppDelegate.swift */,
				23F1926E22424F2600059CE6 /* ViewController.swift */,
				232FD93B224795D4009773C3 /* Main.storyboard */,
				232FD9402247AC91009773C3 /* SecondViewController.swift */,
				230C9A9B2247955500DDF0C7 /* Assets.xcassets */,
				23F1927522424F2900059CE6 /* LaunchScreen.storyboard */,
				23F1927822424F2900059CE6 /* Info.plist */,
			);
			path = MBlower_1.1;
			sourceTree = "<group>";
		};
		23F1928022424F2900059CE6 /* MBlower_1.1Tests */ = {
			isa = PBXGroup;
			children = (
				23F1928122424F2900059CE6 /* MBlower_1_1Tests.swift */,
				23F1928322424F2900059CE6 /* Info.plist */,
			);
			path = MBlower_1.1Tests;
			sourceTree = "<group>";
		};
		23F1928B22424F2900059CE6 /* MBlower_1.1UITests */ = {
			isa = PBXGroup;
			children = (
				23F1928C22424F2900059CE6 /* MBlower_1_1UITests.swift */,
				23F1928E22424F2900059CE6 /* Info.plist */,
			);
			path = MBlower_1.1UITests;
			sourceTree = "<group>";
		};
/* End PBXGroup section */

/* Begin PBXNativeTarget section */
		23F1926822424F2600059CE6 /* MBlower_1.1 */ = {
			isa = PBXNativeTarget;
			buildConfigurationList = 23F1929122424F2900059CE6 /* Build configuration list for PBXNativeTarget "MBlower_1.1" */;
			buildPhases = (
				23F1926522424F2600059CE6 /* Sources */,
				23F1926622424F2600059CE6 /* Frameworks */,
				23F1926722424F2600059CE6 /* Resources */,
			);
			buildRules = (
			);
			dependencies = (
			);
			name = MBlower_1.1;
			productName = MBlower_1.1;
			productReference = 23F1926922424F2600059CE6 /* MBlower_1.1.app */;
			productType = "com.apple.product-type.application";
		};
		23F1927C22424F2900059CE6 /* MBlower_1.1Tests */ = {
			isa = PBXNativeTarget;
			buildConfigurationList = 23F1929422424F2900059CE6 /* Build configuration list for PBXNativeTarget "MBlower_1.1Tests" */;
			buildPhases = (
				23F1927922424F2900059CE6 /* Sources */,
				23F1927A22424F2900059CE6 /* Frameworks */,
				23F1927B22424F2900059CE6 /* Resources */,
			);
			buildRules = (
			);
			dependencies = (
				23F1927F22424F2900059CE6 /* PBXTargetDependency */,
			);
			name = MBlower_1.1Tests;
			productName = MBlower_1.1Tests;
			productReference = 23F1927D22424F2900059CE6 /* MBlower_1.1Tests.xctest */;
			productType = "com.apple.product-type.bundle.unit-test";
		};
		23F1928722424F2900059CE6 /* MBlower_1.1UITests */ = {
			isa = PBXNativeTarget;
			buildConfigurationList = 23F1929722424F2900059CE6 /* Build configuration list for PBXNativeTarget "MBlower_1.1UITests" */;
			buildPhases = (
				23F1928422424F2900059CE6 /* Sources */,
				23F1928522424F2900059CE6 /* Frameworks */,
				23F1928622424F2900059CE6 /* Resources */,
			);
			buildRules = (
			);
			dependencies = (
				23F1928A22424F2900059CE6 /* PBXTargetDependency */,
			);
			name = MBlower_1.1UITests;
			productName = MBlower_1.1UITests;
			productReference = 23F1928822424F2900059CE6 /* MBlower_1.1UITests.xctest */;
			productType = "com.apple.product-type.bundle.ui-testing";
		};
/* End PBXNativeTarget section */

/* Begin PBXProject section */
		23F1926122424F2600059CE6 /* Project object */ = {
			isa = PBXProject;
			attributes = {
				LastSwiftUpdateCheck = 1010;
				LastUpgradeCheck = 1010;
				ORGANIZATIONNAME = MBlower;
				TargetAttributes = {
					23F1926822424F2600059CE6 = {
						CreatedOnToolsVersion = 10.1;
					};
					23F1927C22424F2900059CE6 = {
						CreatedOnToolsVersion = 10.1;
						TestTargetID = 23F1926822424F2600059CE6;
					};
					23F1928722424F2900059CE6 = {
						CreatedOnToolsVersion = 10.1;
						TestTargetID = 23F1926822424F2600059CE6;
					};
				};
			};
			buildConfigurationList = 23F1926422424F2600059CE6 /* Build configuration list for PBXProject "MBlower_1.1" */;
			compatibilityVersion = "Xcode 9.3";
			developmentRegion = en;
			hasScannedForEncodings = 0;
			knownRegions = (
				en,
				Base,
			);
			mainGroup = 23F1926022424F2600059CE6;
			productRefGroup = 23F1926A22424F2600059CE6 /* Products */;
			projectDirPath = "";
			projectRoot = "";
			targets = (
				23F1926822424F2600059CE6 /* MBlower_1.1 */,
				23F1927C22424F2900059CE6 /* MBlower_1.1Tests */,
				23F1928722424F2900059CE6 /* MBlower_1.1UITests */,
			);
		};
/* End PBXProject section */

/* Begin PBXResourcesBuildPhase section */
		23F1926722424F2600059CE6 /* Resources */ = {
			isa = PBXResourcesBuildPhase;
			buildActionMask = 2147483647;
			files = (
				232FD93D224795D4009773C3 /* Main.storyboard in Resources */,
				23F1927722424F2900059CE6 /* LaunchScreen.storyboard in Resources */,
				230C9A9C2247955500DDF0C7 /* Assets.xcassets in Resources */,
			);
			runOnlyForDeploymentPostprocessing = 0;
		};
		23F1927B22424F2900059CE6 /* Resources */ = {
			isa = PBXResourcesBuildPhase;
			buildActionMask = 2147483647;
			files = (
			);
			runOnlyForDeploymentPostprocessing = 0;
		};
		23F1928622424F2900059CE6 /* Resources */ = {
			isa = PBXResourcesBuildPhase;
			buildActionMask = 2147483647;
			files = (
			);
			runOnlyForDeploymentPostprocessing = 0;
		};
/* End PBXResourcesBuildPhase section */

/* Begin PBXSourcesBuildPhase section */
		23F1926522424F2600059CE6 /* Sources */ = {
			isa = PBXSourcesBuildPhase;
			buildActionMask = 2147483647;
			files = (
				232FD9412247AC91009773C3 /* SecondViewController.swift in Sources */,
				23F1926F22424F2600059CE6 /* ViewController.swift in Sources */,
				23F1926D22424F2600059CE6 /* AppDelegate.swift in Sources */,
			);
			runOnlyForDeploymentPostprocessing = 0;
		};
		23F1927922424F2900059CE6 /* Sources */ = {
			isa = PBXSourcesBuildPhase;
			buildActionMask = 2147483647;
			files = (
				23F1928222424F2900059CE6 /* MBlower_1_1Tests.swift in Sources */,
			);
			runOnlyForDeploymentPostprocessing = 0;
		};
		23F1928422424F2900059CE6 /* Sources */ = {
			isa = PBXSourcesBuildPhase;
			buildActionMask = 2147483647;
			files = (
				23F1928D22424F2900059CE6 /* MBlower_1_1UITests.swift in Sources */,
			);
			runOnlyForDeploymentPostprocessing = 0;
		};
/* End PBXSourcesBuildPhase section */

/* Begin PBXTargetDependency section */
		23F1927F22424F2900059CE6 /* PBXTargetDependency */ = {
			isa = PBXTargetDependency;
			target = 23F1926822424F2600059CE6 /* MBlower_1.1 */;
			targetProxy = 23F1927E22424F2900059CE6 /* PBXContainerItemProxy */;
		};
		23F1928A22424F2900059CE6 /* PBXTargetDependency */ = {
			isa = PBXTargetDependency;
			target = 23F1926822424F2600059CE6 /* MBlower_1.1 */;
			targetProxy = 23F1928922424F2900059CE6 /* PBXContainerItemProxy */;
		};
/* End PBXTargetDependency section */

/* Begin PBXVariantGroup section */
		232FD93B224795D4009773C3 /* Main.storyboard */ = {
			isa = PBXVariantGroup;
			children = (
				232FD93C224795D4009773C3 /* Base */,
			);
			name = Main.storyboard;
			sourceTree = "<group>";
		};
		23F1927522424F2900059CE6 /* LaunchScreen.storyboard */ = {
			isa = PBXVariantGroup;
			children = (
				23F1927622424F2900059CE6 /* Base */,
			);
			name = LaunchScreen.storyboard;
			sourceTree = "<group>";
		};
/* End PBXVariantGroup section */

/* Begin XCBuildConfiguration section */
		23F1928F22424F2900059CE6 /* Debug */ = {
			isa = XCBuildConfiguration;
			buildSettings = {
				ALWAYS_SEARCH_USER_PATHS = NO;
				CLANG_ANALYZER_NONNULL = YES;
				CLANG_ANALYZER_NUMBER_OBJECT_CONVERSION = YES_AGGRESSIVE;
				CLANG_CXX_LANGUAGE_STANDARD = "gnu++14";
				CLANG_CXX_LIBRARY = "libc++";
				CLANG_ENABLE_MODULES = YES;
				CLANG_ENABLE_OBJC_ARC = YES;
				CLANG_ENABLE_OBJC_WEAK = YES;
				CLANG_WARN_BLOCK_CAPTURE_AUTORELEASING = YES;
				CLANG_WARN_BOOL_CONVERSION = YES;
				CLANG_WARN_COMMA = YES;
				CLANG_WARN_CONSTANT_CONVERSION = YES;
				CLANG_WARN_DEPRECATED_OBJC_IMPLEMENTATIONS = YES;
				CLANG_WARN_DIRECT_OBJC_ISA_USAGE = YES_ERROR;
				CLANG_WARN_DOCUMENTATION_COMMENTS = YES;
				CLANG_WARN_EMPTY_BODY = YES;
				CLANG_WARN_ENUM_CONVERSION = YES;
				CLANG_WARN_INFINITE_RECURSION = YES;
				CLANG_WARN_INT_CONVERSION = YES;
				CLANG_WARN_NON_LITERAL_NULL_CONVERSION = YES;
				CLANG_WARN_OBJC_IMPLICIT_RETAIN_SELF = YES;
				CLANG_WARN_OBJC_LITERAL_CONVERSION = YES;
				CLANG_WARN_OBJC_ROOT_CLASS = YES_ERROR;
				CLANG_WARN_RANGE_LOOP_ANALYSIS = YES;
				CLANG_WARN_STRICT_PROTOTYPES = YES;
				CLANG_WARN_SUSPICIOUS_MOVE = YES;
				CLANG_WARN_UNGUARDED_AVAILABILITY = YES_AGGRESSIVE;
				CLANG_WARN_UNREACHABLE_CODE = YES;
				CLANG_WARN__DUPLICATE_METHOD_MATCH = YES;
				CODE_SIGN_IDENTITY = "iPhone Developer";
				COPY_PHASE_STRIP = NO;
				DEBUG_INFORMATION_FORMAT = dwarf;
				ENABLE_STRICT_OBJC_MSGSEND = YES;
				ENABLE_TESTABILITY = YES;
				GCC_C_LANGUAGE_STANDARD = gnu11;
				GCC_DYNAMIC_NO_PIC = NO;
				GCC_NO_COMMON_BLOCKS = YES;
				GCC_OPTIMIZATION_LEVEL = 0;
				GCC_PREPROCESSOR_DEFINITIONS = (
					"DEBUG=1",
					"$(inherited)",
				);
				GCC_WARN_64_TO_32_BIT_CONVERSION = YES;
				GCC_WARN_ABOUT_RETURN_TYPE = YES_ERROR;
				GCC_WARN_UNDECLARED_SELECTOR = YES;
				GCC_WARN_UNINITIALIZED_AUTOS = YES_AGGRESSIVE;
				GCC_WARN_UNUSED_FUNCTION = YES;
				GCC_WARN_UNUSED_VARIABLE = YES;
				IPHONEOS_DEPLOYMENT_TARGET = 12.1;
				MTL_ENABLE_DEBUG_INFO = INCLUDE_SOURCE;
				MTL_FAST_MATH = YES;
				ONLY_ACTIVE_ARCH = YES;
				SDKROOT = iphoneos;
				SWIFT_ACTIVE_COMPILATION_CONDITIONS = DEBUG;
				SWIFT_OPTIMIZATION_LEVEL = "-Onone";
			};
			name = Debug;
		};
		23F1929022424F2900059CE6 /* Release */ = {
			isa = XCBuildConfiguration;
			buildSettings = {
				ALWAYS_SEARCH_USER_PATHS = NO;
				CLANG_ANALYZER_NONNULL = YES;
				CLANG_ANALYZER_NUMBER_OBJECT_CONVERSION = YES_AGGRESSIVE;
				CLANG_CXX_LANGUAGE_STANDARD = "gnu++14";
				CLANG_CXX_LIBRARY = "libc++";
				CLANG_ENABLE_MODULES = YES;
				CLANG_ENABLE_OBJC_ARC = YES;
				CLANG_ENABLE_OBJC_WEAK = YES;
				CLANG_WARN_BLOCK_CAPTURE_AUTORELEASING = YES;
				CLANG_WARN_BOOL_CONVERSION = YES;
				CLANG_WARN_COMMA = YES;
				CLANG_WARN_CONSTANT_CONVERSION = YES;
				CLANG_WARN_DEPRECATED_OBJC_IMPLEMENTATIONS = YES;
				CLANG_WARN_DIRECT_OBJC_ISA_USAGE = YES_ERROR;
				CLANG_WARN_DOCUMENTATION_COMMENTS = YES;
				CLANG_WARN_EMPTY_BODY = YES;
				CLANG_WARN_ENUM_CONVERSION = YES;
				CLANG_WARN_INFINITE_RECURSION = YES;
				CLANG_WARN_INT_CONVERSION = YES;
				CLANG_WARN_NON_LITERAL_NULL_CONVERSION = YES;
				CLANG_WARN_OBJC_IMPLICIT_RETAIN_SELF = YES;
				CLANG_WARN_OBJC_LITERAL_CONVERSION = YES;
				CLANG_WARN_OBJC_ROOT_CLASS = YES_ERROR;
				CLANG_WARN_RANGE_LOOP_ANALYSIS = YES;
				CLANG_WARN_STRICT_PROTOTYPES = YES;
				CLANG_WARN_SUSPICIOUS_MOVE = YES;
				CLANG_WARN_UNGUARDED_AVAILABILITY = YES_AGGRESSIVE;
				CLANG_WARN_UNREACHABLE_CODE = YES;
				CLANG_WARN__DUPLICATE_METHOD_MATCH = YES;
				CODE_SIGN_IDENTITY = "iPhone Developer";
				COPY_PHASE_STRIP = NO;
				DEBUG_INFORMATION_FORMAT = "dwarf-with-dsym";
				ENABLE_NS_ASSERTIONS = NO;
				ENABLE_STRICT_OBJC_MSGSEND = YES;
				GCC_C_LANGUAGE_STANDARD = gnu11;
				GCC_NO_COMMON_BLOCKS = YES;
				GCC_WARN_64_TO_32_BIT_CONVERSION = YES;
				GCC_WARN_ABOUT_RETURN_TYPE = YES_ERROR;
				GCC_WARN_UNDECLARED_SELECTOR = YES;
				GCC_WARN_UNINITIALIZED_AUTOS = YES_AGGRESSIVE;
				GCC_WARN_UNUSED_FUNCTION = YES;
				GCC_WARN_UNUSED_VARIABLE = YES;
				IPHONEOS_DEPLOYMENT_TARGET = 12.1;
				MTL_ENABLE_DEBUG_INFO = NO;
				MTL_FAST_MATH = YES;
				SDKROOT = iphoneos;
				SWIFT_COMPILATION_MODE = wholemodule;
				SWIFT_OPTIMIZATION_LEVEL = "-O";
				VALIDATE_PRODUCT = YES;
			};
			name = Release;
		};
		23F1929222424F2900059CE6 /* Debug */ = {
			isa = XCBuildConfiguration;
			buildSettings = {
				ASSETCATALOG_COMPILER_APPICON_NAME = AppIcon;
				CODE_SIGN_STYLE = Automatic;
				DEVELOPMENT_TEAM = W4U523CX36;
				INFOPLIST_FILE = MBlower_1.1/Info.plist;
				LD_RUNPATH_SEARCH_PATHS = (
					"$(inherited)",
					"@executable_path/Frameworks",
				);
				PRODUCT_BUNDLE_IDENTIFIER = "mblower.MBlower-1-1";
				PRODUCT_NAME = "$(TARGET_NAME)";
				SWIFT_VERSION = 4.2;
				TARGETED_DEVICE_FAMILY = "1,2";
			};
			name = Debug;
		};
		23F1929322424F2900059CE6 /* Release */ = {
			isa = XCBuildConfiguration;
			buildSettings = {
				ASSETCATALOG_COMPILER_APPICON_NAME = AppIcon;
				CODE_SIGN_STYLE = Automatic;
				DEVELOPMENT_TEAM = W4U523CX36;
				INFOPLIST_FILE = MBlower_1.1/Info.plist;
				LD_RUNPATH_SEARCH_PATHS = (
					"$(inherited)",
					"@executable_path/Frameworks",
				);
				PRODUCT_BUNDLE_IDENTIFIER = "mblower.MBlower-1-1";
				PRODUCT_NAME = "$(TARGET_NAME)";
				SWIFT_VERSION = 4.2;
				TARGETED_DEVICE_FAMILY = "1,2";
			};
			name = Release;
		};
		23F1929522424F2900059CE6 /* Debug */ = {
			isa = XCBuildConfiguration;
			buildSettings = {
				ALWAYS_EMBED_SWIFT_STANDARD_LIBRARIES = YES;
				BUNDLE_LOADER = "$(TEST_HOST)";
				CODE_SIGN_STYLE = Automatic;
				DEVELOPMENT_TEAM = W4U523CX36;
				INFOPLIST_FILE = MBlower_1.1Tests/Info.plist;
				LD_RUNPATH_SEARCH_PATHS = (
					"$(inherited)",
					"@executable_path/Frameworks",
					"@loader_path/Frameworks",
				);
				PRODUCT_BUNDLE_IDENTIFIER = "mblower.MBlower-1-1Tests";
				PRODUCT_NAME = "$(TARGET_NAME)";
				SWIFT_VERSION = 4.2;
				TARGETED_DEVICE_FAMILY = "1,2";
				TEST_HOST = "$(BUILT_PRODUCTS_DIR)/MBlower_1.1.app/MBlower_1.1";
			};
			name = Debug;
		};
		23F1929622424F2900059CE6 /* Release */ = {
			isa = XCBuildConfiguration;
			buildSettings = {
				ALWAYS_EMBED_SWIFT_STANDARD_LIBRARIES = YES;
				BUNDLE_LOADER = "$(TEST_HOST)";
				CODE_SIGN_STYLE = Automatic;
				DEVELOPMENT_TEAM = W4U523CX36;
				INFOPLIST_FILE = MBlower_1.1Tests/Info.plist;
				LD_RUNPATH_SEARCH_PATHS = (
					"$(inherited)",
					"@executable_path/Frameworks",
					"@loader_path/Frameworks",
				);
				PRODUCT_BUNDLE_IDENTIFIER = "mblower.MBlower-1-1Tests";
				PRODUCT_NAME = "$(TARGET_NAME)";
				SWIFT_VERSION = 4.2;
				TARGETED_DEVICE_FAMILY = "1,2";
				TEST_HOST = "$(BUILT_PRODUCTS_DIR)/MBlower_1.1.app/MBlower_1.1";
			};
			name = Release;
		};
		23F1929822424F2900059CE6 /* Debug */ = {
			isa = XCBuildConfiguration;
			buildSettings = {
				ALWAYS_EMBED_SWIFT_STANDARD_LIBRARIES = YES;
				CODE_SIGN_STYLE = Automatic;
				DEVELOPMENT_TEAM = W4U523CX36;
				INFOPLIST_FILE = MBlower_1.1UITests/Info.plist;
				LD_RUNPATH_SEARCH_PATHS = (
					"$(inherited)",
					"@executable_path/Frameworks",
					"@loader_path/Frameworks",
				);
				PRODUCT_BUNDLE_IDENTIFIER = "mblower.MBlower-1-1UITests";
				PRODUCT_NAME = "$(TARGET_NAME)";
				SWIFT_VERSION = 4.2;
				TARGETED_DEVICE_FAMILY = "1,2";
				TEST_TARGET_NAME = MBlower_1.1;
			};
			name = Debug;
		};
		23F1929922424F2900059CE6 /* Release */ = {
			isa = XCBuildConfiguration;
			buildSettings = {
				ALWAYS_EMBED_SWIFT_STANDARD_LIBRARIES = YES;
				CODE_SIGN_STYLE = Automatic;
				DEVELOPMENT_TEAM = W4U523CX36;
				INFOPLIST_FILE = MBlower_1.1UITests/Info.plist;
				LD_RUNPATH_SEARCH_PATHS = (
					"$(inherited)",
					"@executable_path/Frameworks",
					"@loader_path/Frameworks",
				);
				PRODUCT_BUNDLE_IDENTIFIER = "mblower.MBlower-1-1UITests";
				PRODUCT_NAME = "$(TARGET_NAME)";
				SWIFT_VERSION = 4.2;
				TARGETED_DEVICE_FAMILY = "1,2";
				TEST_TARGET_NAME = MBlower_1.1;
			};
			name = Release;
		};
/* End XCBuildConfiguration section */

/* Begin XCConfigurationList section */
		23F1926422424F2600059CE6 /* Build configuration list for PBXProject "MBlower_1.1" */ = {
			isa = XCConfigurationList;
			buildConfigurations = (
				23F1928F22424F2900059CE6 /* Debug */,
				23F1929022424F2900059CE6 /* Release */,
			);
			defaultConfigurationIsVisible = 0;
			defaultConfigurationName = Release;
		};
		23F1929122424F2900059CE6 /* Build configuration list for PBXNativeTarget "MBlower_1.1" */ = {
			isa = XCConfigurationList;
			buildConfigurations = (
				23F1929222424F2900059CE6 /* Debug */,
				23F1929322424F2900059CE6 /* Release */,
			);
			defaultConfigurationIsVisible = 0;
			defaultConfigurationName = Release;
		};
		23F1929422424F2900059CE6 /* Build configuration list for PBXNativeTarget "MBlower_1.1Tests" */ = {
			isa = XCConfigurationList;
			buildConfigurations = (
				23F1929522424F2900059CE6 /* Debug */,
				23F1929622424F2900059CE6 /* Release */,
			);
			defaultConfigurationIsVisible = 0;
			defaultConfigurationName = Release;
		};
		23F1929722424F2900059CE6 /* Build configuration list for PBXNativeTarget "MBlower_1.1UITests" */ = {
			isa = XCConfigurationList;
			buildConfigurations = (
				23F1929822424F2900059CE6 /* Debug */,
				23F1929922424F2900059CE6 /* Release */,
			);
			defaultConfigurationIsVisible = 0;
			defaultConfigurationName = Release;
		};
/* End XCConfigurationList section */
	};
	rootObject = 23F1926122424F2600059CE6 /* Project object */;
}
